
Microsoft Visual Studio Solution File, Format Version 12.00
# Visual Studio Version 16
VisualStudioVersion = 16.0.29215.179
MinimumVisualStudioVersion = 10.0.40219.1
Project("{FAE04EC0-301F-11D3-BF4B-00C04F79EFBC}") = "WindowsFormsApp3.1", "WindowsFormsApp3.1\WindowsFormsApp3.1.csproj", "{83BD353B-807B-4EB7-8134-BBBBB3A67BE3}"
EndProject
Global
	GlobalSection(SolutionConfigurationPlatforms) = preSolution
		Debug|Any CPU = Debug|Any CPU
		Release|Any CPU = Release|Any CPU
	EndGlobalSection
	GlobalSection(ProjectConfigurationPlatforms) = postSolution
		{83BD353B-807B-4EB7-8134-BBBBB3A67BE3}.Debug|Any CPU.ActiveCfg = Debug|Any CPU
		{83BD353B-807B-4EB7-8134-BBBBB3A67BE3}.Debug|Any CPU.Build.0 = Debug|Any CPU
		{83BD353B-807B-4EB7-8134-BBBBB3A67BE3}.Release|Any CPU.ActiveCfg = Release|Any CPU
		{83BD353B-807B-4EB7-8134-BBBBB3A67BE3}.Release|Any CPU.Build.0 = Release|Any CPU
	EndGlobalSection
	GlobalSection(SolutionProperties) = preSolution
		HideSolutionNode = FALSE
	EndGlobalSection
	GlobalSection(ExtensibilityGlobals) = postSolution
		SolutionGuid = {DE04AD0B-27E9-4320-80D5-D0DB8AE2A859}
	EndGlobalSection
EndGlobal
